
Microsoft Visual Studio Solution File, Format Version 12.00
# Visual Studio Version 17
VisualStudioVersion = 17.7.34024.191
MinimumVisualStudioVersion = 10.0.40219.1
Project("{FAE04EC0-301F-11D3-BF4B-00C04F79EFBC}") = "Evaluacion", "Evaluacion.csproj", "{AF91A710-1CFB-45FF-ACDF-F4F94D60599B}"
EndProject
Global
	GlobalSection(SolutionConfigurationPlatforms) = preSolution
		Debug|Any CPU = Debug|Any CPU
		Release|Any CPU = Release|Any CPU
	EndGlobalSection
	GlobalSection(ProjectConfigurationPlatforms) = postSolution
		{AF91A710-1CFB-45FF-ACDF-F4F94D60599B}.Debug|Any CPU.ActiveCfg = Debug|Any CPU
		{AF91A710-1CFB-45FF-ACDF-F4F94D60599B}.Debug|Any CPU.Build.0 = Debug|Any CPU
		{AF91A710-1CFB-45FF-ACDF-F4F94D60599B}.Release|Any CPU.ActiveCfg = Release|Any CPU
		{AF91A710-1CFB-45FF-ACDF-F4F94D60599B}.Release|Any CPU.Build.0 = Release|Any CPU
	EndGlobalSection
	GlobalSection(SolutionProperties) = preSolution
		HideSolutionNode = FALSE
	EndGlobalSection
	GlobalSection(ExtensibilityGlobals) = postSolution
		SolutionGuid = {0017C628-EA8E-4CA8-B643-7334AC7684C8}
	EndGlobalSection
EndGlobal
